
Microsoft Visual Studio Solution File, Format Version 12.00
# Visual Studio 15
VisualStudioVersion = 15.0.27428.2037
MinimumVisualStudioVersion = 10.0.40219.1
Project("{FAE04EC0-301F-11D3-BF4B-00C04F79EFBC}") = "SportsBet", "SportsBet\SportsBet.csproj", "{96EEF895-DBB9-4A64-9E92-993176D76A25}"
EndProject
Project("{2150E333-8FDC-42A3-9474-1A3956D46DE8}") = "Data", "Data", "{F70BE9BD-6E5A-406E-866F-6E9C63B3BB8C}"
EndProject
Project("{FAE04EC0-301F-11D3-BF4B-00C04F79EFBC}") = "SportsBet.Data", "SportsBet.Data\SportsBet.Data.csproj", "{2F345659-CAAE-4623-B3B7-BE133860EE77}"
EndProject
Project("{FAE04EC0-301F-11D3-BF4B-00C04F79EFBC}") = "SportsBet.Data.Model", "SportsBet.Data.Model\SportsBet.Data.Model.csproj", "{F5E26403-324C-447C-BD16-F546F0DA820D}"
EndProject
Project("{2150E333-8FDC-42A3-9474-1A3956D46DE8}") = "Services", "Services", "{55236ECD-B435-49DC-ACC3-BF0339F14AFF}"
EndProject
Project("{FAE04EC0-301F-11D3-BF4B-00C04F79EFBC}") = "SportsBet.Services", "SportsBet.Services\SportsBet.Services.csproj", "{2520D0CA-CB6B-47A4-BCC9-670DFB11386F}"
EndProject
Global
	GlobalSection(SolutionConfigurationPlatforms) = preSolution
		Debug|Any CPU = Debug|Any CPU
		Release|Any CPU = Release|Any CPU
	EndGlobalSection
	GlobalSection(ProjectConfigurationPlatforms) = postSolution
		{96EEF895-DBB9-4A64-9E92-993176D76A25}.Debug|Any CPU.ActiveCfg = Debug|Any CPU
		{96EEF895-DBB9-4A64-9E92-993176D76A25}.Debug|Any CPU.Build.0 = Debug|Any CPU
		{96EEF895-DBB9-4A64-9E92-993176D76A25}.Release|Any CPU.ActiveCfg = Release|Any CPU
		{96EEF895-DBB9-4A64-9E92-993176D76A25}.Release|Any CPU.Build.0 = Release|Any CPU
		{2F345659-CAAE-4623-B3B7-BE133860EE77}.Debug|Any CPU.ActiveCfg = Debug|Any CPU
		{2F345659-CAAE-4623-B3B7-BE133860EE77}.Debug|Any CPU.Build.0 = Debug|Any CPU
		{2F345659-CAAE-4623-B3B7-BE133860EE77}.Release|Any CPU.ActiveCfg = Release|Any CPU
		{2F345659-CAAE-4623-B3B7-BE133860EE77}.Release|Any CPU.Build.0 = Release|Any CPU
		{F5E26403-324C-447C-BD16-F546F0DA820D}.Debug|Any CPU.ActiveCfg = Debug|Any CPU
		{F5E26403-324C-447C-BD16-F546F0DA820D}.Debug|Any CPU.Build.0 = Debug|Any CPU
		{F5E26403-324C-447C-BD16-F546F0DA820D}.Release|Any CPU.ActiveCfg = Release|Any CPU
		{F5E26403-324C-447C-BD16-F546F0DA820D}.Release|Any CPU.Build.0 = Release|Any CPU
		{2520D0CA-CB6B-47A4-BCC9-670DFB11386F}.Debug|Any CPU.ActiveCfg = Debug|Any CPU
		{2520D0CA-CB6B-47A4-BCC9-670DFB11386F}.Debug|Any CPU.Build.0 = Debug|Any CPU
		{2520D0CA-CB6B-47A4-BCC9-670DFB11386F}.Release|Any CPU.ActiveCfg = Release|Any CPU
		{2520D0CA-CB6B-47A4-BCC9-670DFB11386F}.Release|Any CPU.Build.0 = Release|Any CPU
	EndGlobalSection
	GlobalSection(SolutionProperties) = preSolution
		HideSolutionNode = FALSE
	EndGlobalSection
	GlobalSection(NestedProjects) = preSolution
		{2F345659-CAAE-4623-B3B7-BE133860EE77} = {F70BE9BD-6E5A-406E-866F-6E9C63B3BB8C}
		{F5E26403-324C-447C-BD16-F546F0DA820D} = {F70BE9BD-6E5A-406E-866F-6E9C63B3BB8C}
		{2520D0CA-CB6B-47A4-BCC9-670DFB11386F} = {55236ECD-B435-49DC-ACC3-BF0339F14AFF}
	EndGlobalSection
	GlobalSection(ExtensibilityGlobals) = postSolution
		SolutionGuid = {B299D450-FE48-4554-9EB8-0F35752A54C7}
	EndGlobalSection
EndGlobal
